
Microsoft Visual Studio Solution File, Format Version 12.00
# Visual Studio Version 17
VisualStudioVersion = 17.5.33627.172
MinimumVisualStudioVersion = 10.0.40219.1
Project("{9A19103F-16F7-4668-BE54-9A1E7A4F7556}") = "DigitalDesignDll", "DigitalDesignDll\DigitalDesignDll.csproj", "{4A6D9DAD-4838-4A96-A254-61B58F2BA86E}"
EndProject
Project("{9A19103F-16F7-4668-BE54-9A1E7A4F7556}") = "WordCount", "WordCount\WordCount.csproj", "{48FF20AA-AC76-46D6-8622-E371F9A74D63}"
EndProject
Global
	GlobalSection(SolutionConfigurationPlatforms) = preSolution
		Debug|Any CPU = Debug|Any CPU
		Release|Any CPU = Release|Any CPU
	EndGlobalSection
	GlobalSection(ProjectConfigurationPlatforms) = postSolution
		{4A6D9DAD-4838-4A96-A254-61B58F2BA86E}.Debug|Any CPU.ActiveCfg = Debug|Any CPU
		{4A6D9DAD-4838-4A96-A254-61B58F2BA86E}.Debug|Any CPU.Build.0 = Debug|Any CPU
		{4A6D9DAD-4838-4A96-A254-61B58F2BA86E}.Release|Any CPU.ActiveCfg = Release|Any CPU
		{4A6D9DAD-4838-4A96-A254-61B58F2BA86E}.Release|Any CPU.Build.0 = Release|Any CPU
		{48FF20AA-AC76-46D6-8622-E371F9A74D63}.Debug|Any CPU.ActiveCfg = Debug|Any CPU
		{48FF20AA-AC76-46D6-8622-E371F9A74D63}.Debug|Any CPU.Build.0 = Debug|Any CPU
		{48FF20AA-AC76-46D6-8622-E371F9A74D63}.Release|Any CPU.ActiveCfg = Release|Any CPU
		{48FF20AA-AC76-46D6-8622-E371F9A74D63}.Release|Any CPU.Build.0 = Release|Any CPU
	EndGlobalSection
	GlobalSection(SolutionProperties) = preSolution
		HideSolutionNode = FALSE
	EndGlobalSection
	GlobalSection(ExtensibilityGlobals) = postSolution
		SolutionGuid = {6235C3AF-DA49-461B-A2FE-3A984BC20510}
	EndGlobalSection
EndGlobal
